
Microsoft Visual Studio Solution File, Format Version 12.00
# Visual Studio Version 16
VisualStudioVersion = 16.0.29324.140
MinimumVisualStudioVersion = 10.0.40219.1
Project("{FAE04EC0-301F-11D3-BF4B-00C04F79EFBC}") = "M11_01_01_Exceptions_SemExcepcao", "M11_01_01_Exceptions_SemExcepcao\M11_01_01_Exceptions_SemExcepcao.csproj", "{98FA598F-E21E-4391-9526-EAC9ADC375CC}"
EndProject
Project("{FAE04EC0-301F-11D3-BF4B-00C04F79EFBC}") = "M11_01_02_Exceptions_ComExcepcaoSemTratamento", "M11_01_02_Exceptions_ComExcepcaoSemTratamento\M11_01_02_Exceptions_ComExcepcaoSemTratamento.csproj", "{8EE5AE71-0279-45B1-B100-271DBDBF79E1}"
EndProject
Project("{FAE04EC0-301F-11D3-BF4B-00C04F79EFBC}") = "M11_01_03_Exceptions_ComTratamentoDeExcepcaoGeral", "M11_01_03_Exceptions_ComTratamentoDeExcepcaoGeral\M11_01_03_Exceptions_ComTratamentoDeExcepcaoGeral.csproj", "{50FED4FA-477B-4126-A899-D4FFB960F3AB}"
EndProject
Project("{FAE04EC0-301F-11D3-BF4B-00C04F79EFBC}") = "M11_01_04_Exceptions_ComTratamentoDeExcepcaoEspecífica", "M11_01_04_Exceptions_ComTratamentoDeExcepcaoEspecífica\M11_01_04_Exceptions_ComTratamentoDeExcepcaoEspecífica.csproj", "{D9DA7BAA-F611-4111-8117-213EACE2EDF0}"
EndProject
Global
	GlobalSection(SolutionConfigurationPlatforms) = preSolution
		Debug|Any CPU = Debug|Any CPU
		Release|Any CPU = Release|Any CPU
	EndGlobalSection
	GlobalSection(ProjectConfigurationPlatforms) = postSolution
		{98FA598F-E21E-4391-9526-EAC9ADC375CC}.Debug|Any CPU.ActiveCfg = Debug|Any CPU
		{98FA598F-E21E-4391-9526-EAC9ADC375CC}.Debug|Any CPU.Build.0 = Debug|Any CPU
		{98FA598F-E21E-4391-9526-EAC9ADC375CC}.Release|Any CPU.ActiveCfg = Release|Any CPU
		{98FA598F-E21E-4391-9526-EAC9ADC375CC}.Release|Any CPU.Build.0 = Release|Any CPU
		{8EE5AE71-0279-45B1-B100-271DBDBF79E1}.Debug|Any CPU.ActiveCfg = Debug|Any CPU
		{8EE5AE71-0279-45B1-B100-271DBDBF79E1}.Debug|Any CPU.Build.0 = Debug|Any CPU
		{8EE5AE71-0279-45B1-B100-271DBDBF79E1}.Release|Any CPU.ActiveCfg = Release|Any CPU
		{8EE5AE71-0279-45B1-B100-271DBDBF79E1}.Release|Any CPU.Build.0 = Release|Any CPU
		{50FED4FA-477B-4126-A899-D4FFB960F3AB}.Debug|Any CPU.ActiveCfg = Debug|Any CPU
		{50FED4FA-477B-4126-A899-D4FFB960F3AB}.Debug|Any CPU.Build.0 = Debug|Any CPU
		{50FED4FA-477B-4126-A899-D4FFB960F3AB}.Release|Any CPU.ActiveCfg = Release|Any CPU
		{50FED4FA-477B-4126-A899-D4FFB960F3AB}.Release|Any CPU.Build.0 = Release|Any CPU
		{D9DA7BAA-F611-4111-8117-213EACE2EDF0}.Debug|Any CPU.ActiveCfg = Debug|Any CPU
		{D9DA7BAA-F611-4111-8117-213EACE2EDF0}.Debug|Any CPU.Build.0 = Debug|Any CPU
		{D9DA7BAA-F611-4111-8117-213EACE2EDF0}.Release|Any CPU.ActiveCfg = Release|Any CPU
		{D9DA7BAA-F611-4111-8117-213EACE2EDF0}.Release|Any CPU.Build.0 = Release|Any CPU
	EndGlobalSection
	GlobalSection(SolutionProperties) = preSolution
		HideSolutionNode = FALSE
	EndGlobalSection
	GlobalSection(ExtensibilityGlobals) = postSolution
		SolutionGuid = {58BD9D50-D3F7-4B23-AD81-77C0447E2EB3}
	EndGlobalSection
EndGlobal
